
Microsoft Visual Studio Solution File, Format Version 12.00
# Visual Studio Version 17
VisualStudioVersion = 17.3.32929.385
MinimumVisualStudioVersion = 10.0.40219.1
Project("{FAE04EC0-301F-11D3-BF4B-00C04F79EFBC}") = "NZWalks.API", "NZWalks.API\NZWalks.API.csproj", "{8ED1B3C7-6DD2-4F52-A279-C87BB4817602}"
EndProject
Global
	GlobalSection(SolutionConfigurationPlatforms) = preSolution
		Debug|Any CPU = Debug|Any CPU
		Release|Any CPU = Release|Any CPU
	EndGlobalSection
	GlobalSection(ProjectConfigurationPlatforms) = postSolution
		{8ED1B3C7-6DD2-4F52-A279-C87BB4817602}.Debug|Any CPU.ActiveCfg = Debug|Any CPU
		{8ED1B3C7-6DD2-4F52-A279-C87BB4817602}.Debug|Any CPU.Build.0 = Debug|Any CPU
		{8ED1B3C7-6DD2-4F52-A279-C87BB4817602}.Release|Any CPU.ActiveCfg = Release|Any CPU
		{8ED1B3C7-6DD2-4F52-A279-C87BB4817602}.Release|Any CPU.Build.0 = Release|Any CPU
	EndGlobalSection
	GlobalSection(SolutionProperties) = preSolution
		HideSolutionNode = FALSE
	EndGlobalSection
	GlobalSection(ExtensibilityGlobals) = postSolution
		SolutionGuid = {29B4FEAF-16F0-4ED7-AC5F-2836AEDEEAAD}
	EndGlobalSection
EndGlobal
